// !$*UTF8*$!
{
	archiveVersion = 1;
	classes = {
	};
	objectVersion = 56;
	objects = {

/* Begin PBXBuildFile section */
		6D32973629CB084C00B18D6D /* AppDelegate.swift in Sources */ = {isa = PBXBuildFile; fileRef = 6D32973529CB084C00B18D6D /* AppDelegate.swift */; };
		6D32973829CB084C00B18D6D /* SceneDelegate.swift in Sources */ = {isa = PBXBuildFile; fileRef = 6D32973729CB084C00B18D6D /* SceneDelegate.swift */; };
		6D32973F29CB084D00B18D6D /* Assets.xcassets in Resources */ = {isa = PBXBuildFile; fileRef = 6D32973E29CB084D00B18D6D /* Assets.xcassets */; };
		6D32974A29CB097600B18D6D /* ProtocolCoordinator.swift in Sources */ = {isa = PBXBuildFile; fileRef = 6D32974929CB097600B18D6D /* ProtocolCoordinator.swift */; };
		6D32974C29CB098E00B18D6D /* MainCoordinator.swift in Sources */ = {isa = PBXBuildFile; fileRef = 6D32974B29CB098E00B18D6D /* MainCoordinator.swift */; };
		6D32974E29CB121800B18D6D /* PasswordCoordinator.swift in Sources */ = {isa = PBXBuildFile; fileRef = 6D32974D29CB121800B18D6D /* PasswordCoordinator.swift */; };
		6D32975029CB122D00B18D6D /* TabBarCoordinator.swift in Sources */ = {isa = PBXBuildFile; fileRef = 6D32974F29CB122D00B18D6D /* TabBarCoordinator.swift */; };
		6D32975229CB123E00B18D6D /* DocumentCoordinator.swift in Sources */ = {isa = PBXBuildFile; fileRef = 6D32975129CB123E00B18D6D /* DocumentCoordinator.swift */; };
		6D32975429CB125900B18D6D /* SettingsCoordinator.swift in Sources */ = {isa = PBXBuildFile; fileRef = 6D32975329CB125900B18D6D /* SettingsCoordinator.swift */; };
		6D32975629CB126D00B18D6D /* TabBarController.swift in Sources */ = {isa = PBXBuildFile; fileRef = 6D32975529CB126D00B18D6D /* TabBarController.swift */; };
		6D32975829CB129C00B18D6D /* PasswordViewController.swift in Sources */ = {isa = PBXBuildFile; fileRef = 6D32975729CB129C00B18D6D /* PasswordViewController.swift */; };
		6D32975A29CB12A900B18D6D /* TemplateAlert.swift in Sources */ = {isa = PBXBuildFile; fileRef = 6D32975929CB12A900B18D6D /* TemplateAlert.swift */; };
		6D32975C29CB12BD00B18D6D /* KeychainService.swift in Sources */ = {isa = PBXBuildFile; fileRef = 6D32975B29CB12BD00B18D6D /* KeychainService.swift */; };
		6D32975E29CB12CE00B18D6D /* ImageViewController.swift in Sources */ = {isa = PBXBuildFile; fileRef = 6D32975D29CB12CE00B18D6D /* ImageViewController.swift */; };
		6D32976029CB12DC00B18D6D /* ImagePicker.swift in Sources */ = {isa = PBXBuildFile; fileRef = 6D32975F29CB12DC00B18D6D /* ImagePicker.swift */; };
		6D32976229CB12EB00B18D6D /* SettingsViewController.swift in Sources */ = {isa = PBXBuildFile; fileRef = 6D32976129CB12EB00B18D6D /* SettingsViewController.swift */; };
		6D3297AA29DBFBFE00B18D6D /* TextPicker.swift in Sources */ = {isa = PBXBuildFile; fileRef = 6D3297A929DBFBFE00B18D6D /* TextPicker.swift */; };
		6DE31F4629DEB45E00B9EA1B /* DataViewController.swift in Sources */ = {isa = PBXBuildFile; fileRef = 6DE31F4529DEB45E00B9EA1B /* DataViewController.swift */; };
		6DE31F4829E1580800B9EA1B /* TextViewController.swift in Sources */ = {isa = PBXBuildFile; fileRef = 6DE31F4729E1580800B9EA1B /* TextViewController.swift */; };
		6DE31F4B29E2892F00B9EA1B /* Realm in Frameworks */ = {isa = PBXBuildFile; productRef = 6DE31F4A29E2892F00B9EA1B /* Realm */; };
		6DE31F4D29E2892F00B9EA1B /* RealmSwift in Frameworks */ = {isa = PBXBuildFile; productRef = 6DE31F4C29E2892F00B9EA1B /* RealmSwift */; };
		6DE31F4F29E45C7100B9EA1B /* RealmModel.swift in Sources */ = {isa = PBXBuildFile; fileRef = 6DE31F4E29E45C7100B9EA1B /* RealmModel.swift */; };
/* End PBXBuildFile section */

/* Begin PBXFileReference section */
		6D32973229CB084C00B18D6D /* App.app */ = {isa = PBXFileReference; explicitFileType = wrapper.application; includeInIndex = 0; path = App.app; sourceTree = BUILT_PRODUCTS_DIR; };
		6D32973529CB084C00B18D6D /* AppDelegate.swift */ = {isa = PBXFileReference; lastKnownFileType = sourcecode.swift; path = AppDelegate.swift; sourceTree = "<group>"; };
		6D32973729CB084C00B18D6D /* SceneDelegate.swift */ = {isa = PBXFileReference; lastKnownFileType = sourcecode.swift; path = SceneDelegate.swift; sourceTree = "<group>"; };
		6D32973E29CB084D00B18D6D /* Assets.xcassets */ = {isa = PBXFileReference; lastKnownFileType = folder.assetcatalog; path = Assets.xcassets; sourceTree = "<group>"; };
		6D32974329CB084D00B18D6D /* Info.plist */ = {isa = PBXFileReference; lastKnownFileType = text.plist.xml; path = Info.plist; sourceTree = "<group>"; };
		6D32974929CB097600B18D6D /* ProtocolCoordinator.swift */ = {isa = PBXFileReference; lastKnownFileType = sourcecode.swift; path = ProtocolCoordinator.swift; sourceTree = "<group>"; };
		6D32974B29CB098E00B18D6D /* MainCoordinator.swift */ = {isa = PBXFileReference; lastKnownFileType = sourcecode.swift; path = MainCoordinator.swift; sourceTree = "<group>"; };
		6D32974D29CB121800B18D6D /* PasswordCoordinator.swift */ = {isa = PBXFileReference; lastKnownFileType = sourcecode.swift; path = PasswordCoordinator.swift; sourceTree = "<group>"; };
		6D32974F29CB122D00B18D6D /* TabBarCoordinator.swift */ = {isa = PBXFileReference; lastKnownFileType = sourcecode.swift; path = TabBarCoordinator.swift; sourceTree = "<group>"; };
		6D32975129CB123E00B18D6D /* DocumentCoordinator.swift */ = {isa = PBXFileReference; lastKnownFileType = sourcecode.swift; path = DocumentCoordinator.swift; sourceTree = "<group>"; };
		6D32975329CB125900B18D6D /* SettingsCoordinator.swift */ = {isa = PBXFileReference; lastKnownFileType = sourcecode.swift; path = SettingsCoordinator.swift; sourceTree = "<group>"; };
		6D32975529CB126D00B18D6D /* TabBarController.swift */ = {isa = PBXFileReference; lastKnownFileType = sourcecode.swift; path = TabBarController.swift; sourceTree = "<group>"; };
		6D32975729CB129C00B18D6D /* PasswordViewController.swift */ = {isa = PBXFileReference; lastKnownFileType = sourcecode.swift; path = PasswordViewController.swift; sourceTree = "<group>"; };
		6D32975929CB12A900B18D6D /* TemplateAlert.swift */ = {isa = PBXFileReference; lastKnownFileType = sourcecode.swift; path = TemplateAlert.swift; sourceTree = "<group>"; };
		6D32975B29CB12BD00B18D6D /* KeychainService.swift */ = {isa = PBXFileReference; lastKnownFileType = sourcecode.swift; path = KeychainService.swift; sourceTree = "<group>"; };
		6D32975D29CB12CE00B18D6D /* ImageViewController.swift */ = {isa = PBXFileReference; lastKnownFileType = sourcecode.swift; path = ImageViewController.swift; sourceTree = "<group>"; };
		6D32975F29CB12DC00B18D6D /* ImagePicker.swift */ = {isa = PBXFileReference; lastKnownFileType = sourcecode.swift; path = ImagePicker.swift; sourceTree = "<group>"; };
		6D32976129CB12EB00B18D6D /* SettingsViewController.swift */ = {isa = PBXFileReference; lastKnownFileType = sourcecode.swift; path = SettingsViewController.swift; sourceTree = "<group>"; };
		6D3297A929DBFBFE00B18D6D /* TextPicker.swift */ = {isa = PBXFileReference; lastKnownFileType = sourcecode.swift; path = TextPicker.swift; sourceTree = "<group>"; };
		6DE31F4529DEB45E00B9EA1B /* DataViewController.swift */ = {isa = PBXFileReference; lastKnownFileType = sourcecode.swift; path = DataViewController.swift; sourceTree = "<group>"; };
		6DE31F4729E1580800B9EA1B /* TextViewController.swift */ = {isa = PBXFileReference; lastKnownFileType = sourcecode.swift; path = TextViewController.swift; sourceTree = "<group>"; };
		6DE31F4E29E45C7100B9EA1B /* RealmModel.swift */ = {isa = PBXFileReference; lastKnownFileType = sourcecode.swift; path = RealmModel.swift; sourceTree = "<group>"; };
/* End PBXFileReference section */

/* Begin PBXFrameworksBuildPhase section */
		6D32972F29CB084C00B18D6D /* Frameworks */ = {
			isa = PBXFrameworksBuildPhase;
			buildActionMask = 2147483647;
			files = (
				6DE31F4D29E2892F00B9EA1B /* RealmSwift in Frameworks */,
				6DE31F4B29E2892F00B9EA1B /* Realm in Frameworks */,
			);
			runOnlyForDeploymentPostprocessing = 0;
		};
/* End PBXFrameworksBuildPhase section */

/* Begin PBXGroup section */
		6D32972929CB084C00B18D6D = {
			isa = PBXGroup;
			children = (
				6D3297A029CB1CB600B18D6D /* Settings */,
				6D32979F29CB1CA600B18D6D /* Doc */,
				6D32979E29CB1C8B00B18D6D /* Login */,
				6D32979D29CB1C6D00B18D6D /* Coordinator */,
				6D32973429CB084C00B18D6D /* App */,
				6D32973329CB084C00B18D6D /* Products */,
			);
			sourceTree = "<group>";
		};
		6D32973329CB084C00B18D6D /* Products */ = {
			isa = PBXGroup;
			children = (
				6D32973229CB084C00B18D6D /* App.app */,
			);
			name = Products;
			sourceTree = "<group>";
		};
		6D32973429CB084C00B18D6D /* App */ = {
			isa = PBXGroup;
			children = (
				6D32973529CB084C00B18D6D /* AppDelegate.swift */,
				6D32973729CB084C00B18D6D /* SceneDelegate.swift */,
				6D32973E29CB084D00B18D6D /* Assets.xcassets */,
				6D32974329CB084D00B18D6D /* Info.plist */,
			);
			path = App;
			sourceTree = "<group>";
		};
		6D32979D29CB1C6D00B18D6D /* Coordinator */ = {
			isa = PBXGroup;
			children = (
				6D32974B29CB098E00B18D6D /* MainCoordinator.swift */,
				6D32974D29CB121800B18D6D /* PasswordCoordinator.swift */,
				6D32974F29CB122D00B18D6D /* TabBarCoordinator.swift */,
				6D32975329CB125900B18D6D /* SettingsCoordinator.swift */,
				6D32975129CB123E00B18D6D /* DocumentCoordinator.swift */,
				6D32975529CB126D00B18D6D /* TabBarController.swift */,
				6D32974929CB097600B18D6D /* ProtocolCoordinator.swift */,
			);
			path = Coordinator;
			sourceTree = "<group>";
		};
		6D32979E29CB1C8B00B18D6D /* Login */ = {
			isa = PBXGroup;
			children = (
				6D32975929CB12A900B18D6D /* TemplateAlert.swift */,
				6D32975729CB129C00B18D6D /* PasswordViewController.swift */,
				6DE31F4E29E45C7100B9EA1B /* RealmModel.swift */,
			);
			path = Login;
			sourceTree = "<group>";
		};
		6D32979F29CB1CA600B18D6D /* Doc */ = {
			isa = PBXGroup;
			children = (
				6D32975F29CB12DC00B18D6D /* ImagePicker.swift */,
				6D32975D29CB12CE00B18D6D /* ImageViewController.swift */,
				6D32975B29CB12BD00B18D6D /* KeychainService.swift */,
				6D3297A929DBFBFE00B18D6D /* TextPicker.swift */,
				6DE31F4529DEB45E00B9EA1B /* DataViewController.swift */,
				6DE31F4729E1580800B9EA1B /* TextViewController.swift */,
			);
			path = Doc;
			sourceTree = "<group>";
		};
		6D3297A029CB1CB600B18D6D /* Settings */ = {
			isa = PBXGroup;
			children = (
				6D32976129CB12EB00B18D6D /* SettingsViewController.swift */,
			);
			path = Settings;
			sourceTree = "<group>";
		};
/* End PBXGroup section */

/* Begin PBXNativeTarget section */
		6D32973129CB084C00B18D6D /* App */ = {
			isa = PBXNativeTarget;
			buildConfigurationList = 6D32974629CB084D00B18D6D /* Build configuration list for PBXNativeTarget "App" */;
			buildPhases = (
				6D32972E29CB084C00B18D6D /* Sources */,
				6D32972F29CB084C00B18D6D /* Frameworks */,
				6D32973029CB084C00B18D6D /* Resources */,
			);
			buildRules = (
			);
			dependencies = (
			);
			name = App;
			packageProductDependencies = (
				6DE31F4A29E2892F00B9EA1B /* Realm */,
				6DE31F4C29E2892F00B9EA1B /* RealmSwift */,
			);
			productName = App;
			productReference = 6D32973229CB084C00B18D6D /* App.app */;
			productType = "com.apple.product-type.application";
		};
/* End PBXNativeTarget section */

/* Begin PBXProject section */
		6D32972A29CB084C00B18D6D /* Project object */ = {
			isa = PBXProject;
			attributes = {
				BuildIndependentTargetsInParallel = 1;
				LastSwiftUpdateCheck = 1420;
				LastUpgradeCheck = 1420;
				TargetAttributes = {
					6D32973129CB084C00B18D6D = {
						CreatedOnToolsVersion = 14.2;
					};
				};
			};
			buildConfigurationList = 6D32972D29CB084C00B18D6D /* Build configuration list for PBXProject "App" */;
			compatibilityVersion = "Xcode 14.0";
			developmentRegion = en;
			hasScannedForEncodings = 0;
			knownRegions = (
				en,
				Base,
			);
			mainGroup = 6D32972929CB084C00B18D6D;
			packageReferences = (
				6DE31F4929E2892F00B9EA1B /* XCRemoteSwiftPackageReference "realm-swift" */,
			);
			productRefGroup = 6D32973329CB084C00B18D6D /* Products */;
			projectDirPath = "";
			projectRoot = "";
			targets = (
				6D32973129CB084C00B18D6D /* App */,
			);
		};
/* End PBXProject section */

/* Begin PBXResourcesBuildPhase section */
		6D32973029CB084C00B18D6D /* Resources */ = {
			isa = PBXResourcesBuildPhase;
			buildActionMask = 2147483647;
			files = (
				6D32973F29CB084D00B18D6D /* Assets.xcassets in Resources */,
			);
			runOnlyForDeploymentPostprocessing = 0;
		};
/* End PBXResourcesBuildPhase section */

/* Begin PBXSourcesBuildPhase section */
		6D32972E29CB084C00B18D6D /* Sources */ = {
			isa = PBXSourcesBuildPhase;
			buildActionMask = 2147483647;
			files = (
				6D32974A29CB097600B18D6D /* ProtocolCoordinator.swift in Sources */,
				6D32975829CB129C00B18D6D /* PasswordViewController.swift in Sources */,
				6DE31F4F29E45C7100B9EA1B /* RealmModel.swift in Sources */,
				6D32975429CB125900B18D6D /* SettingsCoordinator.swift in Sources */,
				6D32976029CB12DC00B18D6D /* ImagePicker.swift in Sources */,
				6D32975229CB123E00B18D6D /* DocumentCoordinator.swift in Sources */,
				6DE31F4829E1580800B9EA1B /* TextViewController.swift in Sources */,
				6D32975A29CB12A900B18D6D /* TemplateAlert.swift in Sources */,
				6D32975C29CB12BD00B18D6D /* KeychainService.swift in Sources */,
				6D32975E29CB12CE00B18D6D /* ImageViewController.swift in Sources */,
				6D32976229CB12EB00B18D6D /* SettingsViewController.swift in Sources */,
				6D32975629CB126D00B18D6D /* TabBarController.swift in Sources */,
				6D32974E29CB121800B18D6D /* PasswordCoordinator.swift in Sources */,
				6DE31F4629DEB45E00B9EA1B /* DataViewController.swift in Sources */,
				6D32975029CB122D00B18D6D /* TabBarCoordinator.swift in Sources */,
				6D32974C29CB098E00B18D6D /* MainCoordinator.swift in Sources */,
				6D32973629CB084C00B18D6D /* AppDelegate.swift in Sources */,
				6D3297AA29DBFBFE00B18D6D /* TextPicker.swift in Sources */,
				6D32973829CB084C00B18D6D /* SceneDelegate.swift in Sources */,
			);
			runOnlyForDeploymentPostprocessing = 0;
		};
/* End PBXSourcesBuildPhase section */

/* Begin XCBuildConfiguration section */
		6D32974429CB084D00B18D6D /* Debug */ = {
			isa = XCBuildConfiguration;
			buildSettings = {
				ALWAYS_SEARCH_USER_PATHS = NO;
				CLANG_ANALYZER_NONNULL = YES;
				CLANG_ANALYZER_NUMBER_OBJECT_CONVERSION = YES_AGGRESSIVE;
				CLANG_CXX_LANGUAGE_STANDARD = "gnu++20";
				CLANG_ENABLE_MODULES = YES;
				CLANG_ENABLE_OBJC_ARC = YES;
				CLANG_ENABLE_OBJC_WEAK = YES;
				CLANG_WARN_BLOCK_CAPTURE_AUTORELEASING = YES;
				CLANG_WARN_BOOL_CONVERSION = YES;
				CLANG_WARN_COMMA = YES;
				CLANG_WARN_CONSTANT_CONVERSION = YES;
				CLANG_WARN_DEPRECATED_OBJC_IMPLEMENTATIONS = YES;
				CLANG_WARN_DIRECT_OBJC_ISA_USAGE = YES_ERROR;
				CLANG_WARN_DOCUMENTATION_COMMENTS = YES;
				CLANG_WARN_EMPTY_BODY = YES;
				CLANG_WARN_ENUM_CONVERSION = YES;
				CLANG_WARN_INFINITE_RECURSION = YES;
				CLANG_WARN_INT_CONVERSION = YES;
				CLANG_WARN_NON_LITERAL_NULL_CONVERSION = YES;
				CLANG_WARN_OBJC_IMPLICIT_RETAIN_SELF = YES;
				CLANG_WARN_OBJC_LITERAL_CONVERSION = YES;
				CLANG_WARN_OBJC_ROOT_CLASS = YES_ERROR;
				CLANG_WARN_QUOTED_INCLUDE_IN_FRAMEWORK_HEADER = YES;
				CLANG_WARN_RANGE_LOOP_ANALYSIS = YES;
				CLANG_WARN_STRICT_PROTOTYPES = YES;
				CLANG_WARN_SUSPICIOUS_MOVE = YES;
				CLANG_WARN_UNGUARDED_AVAILABILITY = YES_AGGRESSIVE;
				CLANG_WARN_UNREACHABLE_CODE = YES;
				CLANG_WARN__DUPLICATE_METHOD_MATCH = YES;
				COPY_PHASE_STRIP = NO;
				DEBUG_INFORMATION_FORMAT = dwarf;
				ENABLE_STRICT_OBJC_MSGSEND = YES;
				ENABLE_TESTABILITY = YES;
				GCC_C_LANGUAGE_STANDARD = gnu11;
				GCC_DYNAMIC_NO_PIC = NO;
				GCC_NO_COMMON_BLOCKS = YES;
				GCC_OPTIMIZATION_LEVEL = 0;
				GCC_PREPROCESSOR_DEFINITIONS = (
					"DEBUG=1",
					"$(inherited)",
				);
				GCC_WARN_64_TO_32_BIT_CONVERSION = YES;
				GCC_WARN_ABOUT_RETURN_TYPE = YES_ERROR;
				GCC_WARN_UNDECLARED_SELECTOR = YES;
				GCC_WARN_UNINITIALIZED_AUTOS = YES_AGGRESSIVE;
				GCC_WARN_UNUSED_FUNCTION = YES;
				GCC_WARN_UNUSED_VARIABLE = YES;
				IPHONEOS_DEPLOYMENT_TARGET = 16.2;
				MTL_ENABLE_DEBUG_INFO = INCLUDE_SOURCE;
				MTL_FAST_MATH = YES;
				ONLY_ACTIVE_ARCH = YES;
				SDKROOT = iphoneos;
				SWIFT_ACTIVE_COMPILATION_CONDITIONS = DEBUG;
				SWIFT_OPTIMIZATION_LEVEL = "-Onone";
			};
			name = Debug;
		};
		6D32974529CB084D00B18D6D /* Release */ = {
			isa = XCBuildConfiguration;
			buildSettings = {
				ALWAYS_SEARCH_USER_PATHS = NO;
				CLANG_ANALYZER_NONNULL = YES;
				CLANG_ANALYZER_NUMBER_OBJECT_CONVERSION = YES_AGGRESSIVE;
				CLANG_CXX_LANGUAGE_STANDARD = "gnu++20";
				CLANG_ENABLE_MODULES = YES;
				CLANG_ENABLE_OBJC_ARC = YES;
				CLANG_ENABLE_OBJC_WEAK = YES;
				CLANG_WARN_BLOCK_CAPTURE_AUTORELEASING = YES;
				CLANG_WARN_BOOL_CONVERSION = YES;
				CLANG_WARN_COMMA = YES;
				CLANG_WARN_CONSTANT_CONVERSION = YES;
				CLANG_WARN_DEPRECATED_OBJC_IMPLEMENTATIONS = YES;
				CLANG_WARN_DIRECT_OBJC_ISA_USAGE = YES_ERROR;
				CLANG_WARN_DOCUMENTATION_COMMENTS = YES;
				CLANG_WARN_EMPTY_BODY = YES;
				CLANG_WARN_ENUM_CONVERSION = YES;
				CLANG_WARN_INFINITE_RECURSION = YES;
				CLANG_WARN_INT_CONVERSION = YES;
				CLANG_WARN_NON_LITERAL_NULL_CONVERSION = YES;
				CLANG_WARN_OBJC_IMPLICIT_RETAIN_SELF = YES;
				CLANG_WARN_OBJC_LITERAL_CONVERSION = YES;
				CLANG_WARN_OBJC_ROOT_CLASS = YES_ERROR;
				CLANG_WARN_QUOTED_INCLUDE_IN_FRAMEWORK_HEADER = YES;
				CLANG_WARN_RANGE_LOOP_ANALYSIS = YES;
				CLANG_WARN_STRICT_PROTOTYPES = YES;
				CLANG_WARN_SUSPICIOUS_MOVE = YES;
				CLANG_WARN_UNGUARDED_AVAILABILITY = YES_AGGRESSIVE;
				CLANG_WARN_UNREACHABLE_CODE = YES;
				CLANG_WARN__DUPLICATE_METHOD_MATCH = YES;
				COPY_PHASE_STRIP = NO;
				DEBUG_INFORMATION_FORMAT = "dwarf-with-dsym";
				ENABLE_NS_ASSERTIONS = NO;
				ENABLE_STRICT_OBJC_MSGSEND = YES;
				GCC_C_LANGUAGE_STANDARD = gnu11;
				GCC_NO_COMMON_BLOCKS = YES;
				GCC_WARN_64_TO_32_BIT_CONVERSION = YES;
				GCC_WARN_ABOUT_RETURN_TYPE = YES_ERROR;
				GCC_WARN_UNDECLARED_SELECTOR = YES;
				GCC_WARN_UNINITIALIZED_AUTOS = YES_AGGRESSIVE;
				GCC_WARN_UNUSED_FUNCTION = YES;
				GCC_WARN_UNUSED_VARIABLE = YES;
				IPHONEOS_DEPLOYMENT_TARGET = 16.2;
				MTL_ENABLE_DEBUG_INFO = NO;
				MTL_FAST_MATH = YES;
				SDKROOT = iphoneos;
				SWIFT_COMPILATION_MODE = wholemodule;
				SWIFT_OPTIMIZATION_LEVEL = "-O";
				VALIDATE_PRODUCT = YES;
			};
			name = Release;
		};
		6D32974729CB084D00B18D6D /* Debug */ = {
			isa = XCBuildConfiguration;
			buildSettings = {
				ASSETCATALOG_COMPILER_APPICON_NAME = AppIcon;
				ASSETCATALOG_COMPILER_GLOBAL_ACCENT_COLOR_NAME = AccentColor;
				CODE_SIGN_STYLE = Automatic;
				CURRENT_PROJECT_VERSION = 1;
				DEVELOPMENT_TEAM = 92RNZ7CX2N;
				GENERATE_INFOPLIST_FILE = YES;
				INFOPLIST_FILE = App/Info.plist;
				INFOPLIST_KEY_UIApplicationSupportsIndirectInputEvents = YES;
				INFOPLIST_KEY_UILaunchStoryboardName = LaunchScreen;
				INFOPLIST_KEY_UISupportedInterfaceOrientations_iPad = "UIInterfaceOrientationPortrait UIInterfaceOrientationPortraitUpsideDown UIInterfaceOrientationLandscapeLeft UIInterfaceOrientationLandscapeRight";
				INFOPLIST_KEY_UISupportedInterfaceOrientations_iPhone = "UIInterfaceOrientationPortrait UIInterfaceOrientationLandscapeLeft UIInterfaceOrientationLandscapeRight";
				LD_RUNPATH_SEARCH_PATHS = (
					"$(inherited)",
					"@executable_path/Frameworks",
				);
				MARKETING_VERSION = 1.0;
				PRODUCT_BUNDLE_IDENTIFIER = Elya.App;
				PRODUCT_NAME = "$(TARGET_NAME)";
				SWIFT_EMIT_LOC_STRINGS = YES;
				SWIFT_VERSION = 5.0;
				TARGETED_DEVICE_FAMILY = "1,2";
			};
			name = Debug;
		};
		6D32974829CB084D00B18D6D /* Release */ = {
			isa = XCBuildConfiguration;
			buildSettings = {
				ASSETCATALOG_COMPILER_APPICON_NAME = AppIcon;
				ASSETCATALOG_COMPILER_GLOBAL_ACCENT_COLOR_NAME = AccentColor;
				CODE_SIGN_STYLE = Automatic;
				CURRENT_PROJECT_VERSION = 1;
				DEVELOPMENT_TEAM = 92RNZ7CX2N;
				GENERATE_INFOPLIST_FILE = YES;
				INFOPLIST_FILE = App/Info.plist;
				INFOPLIST_KEY_UIApplicationSupportsIndirectInputEvents = YES;
				INFOPLIST_KEY_UILaunchStoryboardName = LaunchScreen;
				INFOPLIST_KEY_UISupportedInterfaceOrientations_iPad = "UIInterfaceOrientationPortrait UIInterfaceOrientationPortraitUpsideDown UIInterfaceOrientationLandscapeLeft UIInterfaceOrientationLandscapeRight";
				INFOPLIST_KEY_UISupportedInterfaceOrientations_iPhone = "UIInterfaceOrientationPortrait UIInterfaceOrientationLandscapeLeft UIInterfaceOrientationLandscapeRight";
				LD_RUNPATH_SEARCH_PATHS = (
					"$(inherited)",
					"@executable_path/Frameworks",
				);
				MARKETING_VERSION = 1.0;
				PRODUCT_BUNDLE_IDENTIFIER = Elya.App;
				PRODUCT_NAME = "$(TARGET_NAME)";
				SWIFT_EMIT_LOC_STRINGS = YES;
				SWIFT_VERSION = 5.0;
				TARGETED_DEVICE_FAMILY = "1,2";
			};
			name = Release;
		};
/* End XCBuildConfiguration section */

/* Begin XCConfigurationList section */
		6D32972D29CB084C00B18D6D /* Build configuration list for PBXProject "App" */ = {
			isa = XCConfigurationList;
			buildConfigurations = (
				6D32974429CB084D00B18D6D /* Debug */,
				6D32974529CB084D00B18D6D /* Release */,
			);
			defaultConfigurationIsVisible = 0;
			defaultConfigurationName = Release;
		};
		6D32974629CB084D00B18D6D /* Build configuration list for PBXNativeTarget "App" */ = {
			isa = XCConfigurationList;
			buildConfigurations = (
				6D32974729CB084D00B18D6D /* Debug */,
				6D32974829CB084D00B18D6D /* Release */,
			);
			defaultConfigurationIsVisible = 0;
			defaultConfigurationName = Release;
		};
/* End XCConfigurationList section */

/* Begin XCRemoteSwiftPackageReference section */
		6DE31F4929E2892F00B9EA1B /* XCRemoteSwiftPackageReference "realm-swift" */ = {
			isa = XCRemoteSwiftPackageReference;
			repositoryURL = "https://github.com/realm/realm-swift.git";
			requirement = {
				branch = master;
				kind = branch;
			};
		};
/* End XCRemoteSwiftPackageReference section */

/* Begin XCSwiftPackageProductDependency section */
		6DE31F4A29E2892F00B9EA1B /* Realm */ = {
			isa = XCSwiftPackageProductDependency;
			package = 6DE31F4929E2892F00B9EA1B /* XCRemoteSwiftPackageReference "realm-swift" */;
			productName = Realm;
		};
		6DE31F4C29E2892F00B9EA1B /* RealmSwift */ = {
			isa = XCSwiftPackageProductDependency;
			package = 6DE31F4929E2892F00B9EA1B /* XCRemoteSwiftPackageReference "realm-swift" */;
			productName = RealmSwift;
		};
/* End XCSwiftPackageProductDependency section */
	};
	rootObject = 6D32972A29CB084C00B18D6D /* Project object */;
}
