// !$*UTF8*$!
{
	archiveVersion = 1;
	classes = {
	};
	objectVersion = 56;
	objects = {

/* Begin PBXBuildFile section */
		6D7000D5293F50EB003DFBBF /* AppDelegate.swift in Sources */ = {isa = PBXBuildFile; fileRef = 6D7000D4293F50EB003DFBBF /* AppDelegate.swift */; };
		6D7000D7293F50EB003DFBBF /* SceneDelegate.swift in Sources */ = {isa = PBXBuildFile; fileRef = 6D7000D6293F50EB003DFBBF /* SceneDelegate.swift */; };
		6D7000DE293F50EC003DFBBF /* Assets.xcassets in Resources */ = {isa = PBXBuildFile; fileRef = 6D7000DD293F50EC003DFBBF /* Assets.xcassets */; };
		6D7000EE293F51EA003DFBBF /* ProfileTableHeaderView.swift in Sources */ = {isa = PBXBuildFile; fileRef = 6D7000ED293F51EA003DFBBF /* ProfileTableHeaderView.swift */; };
		6D7000F2293F5207003DFBBF /* Photos.swift in Sources */ = {isa = PBXBuildFile; fileRef = 6D7000F1293F5207003DFBBF /* Photos.swift */; };
		6D7000F4293F521F003DFBBF /* PhotosCollectionViewCell.swift in Sources */ = {isa = PBXBuildFile; fileRef = 6D7000F3293F521F003DFBBF /* PhotosCollectionViewCell.swift */; };
		6D7000F6293F5235003DFBBF /* PhotosTableViewCell.swift in Sources */ = {isa = PBXBuildFile; fileRef = 6D7000F5293F5235003DFBBF /* PhotosTableViewCell.swift */; };
		6D7000F8293F524C003DFBBF /* PostTableViewCell.swift in Sources */ = {isa = PBXBuildFile; fileRef = 6D7000F7293F524C003DFBBF /* PostTableViewCell.swift */; };
		6D7000FA293F5262003DFBBF /* PhotosViewController.swift in Sources */ = {isa = PBXBuildFile; fileRef = 6D7000F9293F5262003DFBBF /* PhotosViewController.swift */; };
		6D7000FC293F5275003DFBBF /* ProfileViewController.swift in Sources */ = {isa = PBXBuildFile; fileRef = 6D7000FB293F5275003DFBBF /* ProfileViewController.swift */; };
		6D7000FE293F5287003DFBBF /* FeedViewController.swift in Sources */ = {isa = PBXBuildFile; fileRef = 6D7000FD293F5287003DFBBF /* FeedViewController.swift */; };
		6D700100293F529B003DFBBF /* LogInViewController.swift in Sources */ = {isa = PBXBuildFile; fileRef = 6D7000FF293F529B003DFBBF /* LogInViewController.swift */; };
		6D70010A293FB768003DFBBF /* StorageService.docc in Sources */ = {isa = PBXBuildFile; fileRef = 6D700109293FB768003DFBBF /* StorageService.docc */; };
		6D700110293FB768003DFBBF /* StorageService.framework in Frameworks */ = {isa = PBXBuildFile; fileRef = 6D700106293FB768003DFBBF /* StorageService.framework */; };
		6D700117293FB768003DFBBF /* StorageServiceTests.swift in Sources */ = {isa = PBXBuildFile; fileRef = 6D700116293FB768003DFBBF /* StorageServiceTests.swift */; };
		6D700118293FB768003DFBBF /* StorageService.h in Headers */ = {isa = PBXBuildFile; fileRef = 6D700108293FB768003DFBBF /* StorageService.h */; settings = {ATTRIBUTES = (Public, ); }; };
		6D70011B293FB768003DFBBF /* StorageService.framework in Frameworks */ = {isa = PBXBuildFile; fileRef = 6D700106293FB768003DFBBF /* StorageService.framework */; };
		6D70011C293FB768003DFBBF /* StorageService.framework in Embed Frameworks */ = {isa = PBXBuildFile; fileRef = 6D700106293FB768003DFBBF /* StorageService.framework */; settings = {ATTRIBUTES = (CodeSignOnCopy, RemoveHeadersOnCopy, ); }; };
		6D700124293FB7A2003DFBBF /* Post.swift in Sources */ = {isa = PBXBuildFile; fileRef = 6D7000EF293F51F8003DFBBF /* Post.swift */; };
		6D7E505A2974462C0007CF3D /* Checker.swift in Sources */ = {isa = PBXBuildFile; fileRef = 6D7E50592974462C0007CF3D /* Checker.swift */; };
		6D7E505C2975AC940007CF3D /* LogInInspector.swift in Sources */ = {isa = PBXBuildFile; fileRef = 6D7E505B2975AC940007CF3D /* LogInInspector.swift */; };
		6D7E505E297728320007CF3D /* LogInViewControllerDelegate.swift in Sources */ = {isa = PBXBuildFile; fileRef = 6D7E505D297728320007CF3D /* LogInViewControllerDelegate.swift */; };
		6D7E5060297729A00007CF3D /* LogInFactory.swift in Sources */ = {isa = PBXBuildFile; fileRef = 6D7E505F297729A00007CF3D /* LogInFactory.swift */; };
		6D82592829938E89006C0202 /* BruteForce.swift in Sources */ = {isa = PBXBuildFile; fileRef = 6D82592729938E89006C0202 /* BruteForce.swift */; };
		6D82592A2993A25A006C0202 /* BruteForceViewModel.swift in Sources */ = {isa = PBXBuildFile; fileRef = 6D8259292993A25A006C0202 /* BruteForceViewModel.swift */; };
		6DBA908A2951552D00455F10 /* User.swift in Sources */ = {isa = PBXBuildFile; fileRef = 6DBA90892951552D00455F10 /* User.swift */; };
		6DC169A62988D564005B56C2 /* Coordinator.swift in Sources */ = {isa = PBXBuildFile; fileRef = 6DC169A52988D564005B56C2 /* Coordinator.swift */; };
		6DC169A92988D5D3005B56C2 /* FeedCoordinator.swift in Sources */ = {isa = PBXBuildFile; fileRef = 6DC169A82988D5D3005B56C2 /* FeedCoordinator.swift */; };
		6DC169AB2988D624005B56C2 /* ProfileCoordinator.swift in Sources */ = {isa = PBXBuildFile; fileRef = 6DC169AA2988D624005B56C2 /* ProfileCoordinator.swift */; };
		6DC169AD2988D6AA005B56C2 /* TabBarCoordinator.swift in Sources */ = {isa = PBXBuildFile; fileRef = 6DC169AC2988D6AA005B56C2 /* TabBarCoordinator.swift */; };
		6DC169AF298A8DE2005B56C2 /* ScreenCreate.swift in Sources */ = {isa = PBXBuildFile; fileRef = 6DC169AE298A8DE2005B56C2 /* ScreenCreate.swift */; };
		6DC169B2298A9C4B005B56C2 /* LogInViewModel.swift in Sources */ = {isa = PBXBuildFile; fileRef = 6DC169B1298A9C4B005B56C2 /* LogInViewModel.swift */; };
		6DC169B4298A9CC8005B56C2 /* PhotoViewModel.swift in Sources */ = {isa = PBXBuildFile; fileRef = 6DC169B3298A9CC8005B56C2 /* PhotoViewModel.swift */; };
		6DC169B6298B6742005B56C2 /* ProfileViewModel.swift in Sources */ = {isa = PBXBuildFile; fileRef = 6DC169B5298B6742005B56C2 /* ProfileViewModel.swift */; };
		6DFB427B297E4A5700CFCA1B /* iOSIntPackage in Frameworks */ = {isa = PBXBuildFile; productRef = 6DFB427A297E4A5700CFCA1B /* iOSIntPackage */; };
		6DFB427E297E754C00CFCA1B /* CustomButton.swift in Sources */ = {isa = PBXBuildFile; fileRef = 6DFB427D297E754C00CFCA1B /* CustomButton.swift */; };
		6DFB4280297E783C00CFCA1B /* PostViewController.swift in Sources */ = {isa = PBXBuildFile; fileRef = 6DFB427F297E783C00CFCA1B /* PostViewController.swift */; };
		6DFB4282297E9A4200CFCA1B /* FeedModel.swift in Sources */ = {isa = PBXBuildFile; fileRef = 6DFB4281297E9A4200CFCA1B /* FeedModel.swift */; };
/* End PBXBuildFile section */

/* Begin PBXContainerItemProxy section */
		6D700111293FB768003DFBBF /* PBXContainerItemProxy */ = {
			isa = PBXContainerItemProxy;
			containerPortal = 6D7000C9293F50EB003DFBBF /* Project object */;
			proxyType = 1;
			remoteGlobalIDString = 6D700105293FB768003DFBBF;
			remoteInfo = StorageService;
		};
		6D700113293FB768003DFBBF /* PBXContainerItemProxy */ = {
			isa = PBXContainerItemProxy;
			containerPortal = 6D7000C9293F50EB003DFBBF /* Project object */;
			proxyType = 1;
			remoteGlobalIDString = 6D7000D0293F50EB003DFBBF;
			remoteInfo = IOSINT;
		};
		6D700119293FB768003DFBBF /* PBXContainerItemProxy */ = {
			isa = PBXContainerItemProxy;
			containerPortal = 6D7000C9293F50EB003DFBBF /* Project object */;
			proxyType = 1;
			remoteGlobalIDString = 6D700105293FB768003DFBBF;
			remoteInfo = StorageService;
		};
/* End PBXContainerItemProxy section */

/* Begin PBXCopyFilesBuildPhase section */
		6D70011D293FB768003DFBBF /* Embed Frameworks */ = {
			isa = PBXCopyFilesBuildPhase;
			buildActionMask = 2147483647;
			dstPath = "";
			dstSubfolderSpec = 10;
			files = (
				6D70011C293FB768003DFBBF /* StorageService.framework in Embed Frameworks */,
			);
			name = "Embed Frameworks";
			runOnlyForDeploymentPostprocessing = 0;
		};
/* End PBXCopyFilesBuildPhase section */

/* Begin PBXFileReference section */
		6D7000D1293F50EB003DFBBF /* IOSINT.app */ = {isa = PBXFileReference; explicitFileType = wrapper.application; includeInIndex = 0; path = IOSINT.app; sourceTree = BUILT_PRODUCTS_DIR; };
		6D7000D4293F50EB003DFBBF /* AppDelegate.swift */ = {isa = PBXFileReference; lastKnownFileType = sourcecode.swift; path = AppDelegate.swift; sourceTree = "<group>"; };
		6D7000D6293F50EB003DFBBF /* SceneDelegate.swift */ = {isa = PBXFileReference; lastKnownFileType = sourcecode.swift; path = SceneDelegate.swift; sourceTree = "<group>"; };
		6D7000DD293F50EC003DFBBF /* Assets.xcassets */ = {isa = PBXFileReference; lastKnownFileType = folder.assetcatalog; path = Assets.xcassets; sourceTree = "<group>"; };
		6D7000E2293F50EC003DFBBF /* Info.plist */ = {isa = PBXFileReference; lastKnownFileType = text.plist.xml; path = Info.plist; sourceTree = "<group>"; };
		6D7000ED293F51EA003DFBBF /* ProfileTableHeaderView.swift */ = {isa = PBXFileReference; lastKnownFileType = sourcecode.swift; path = ProfileTableHeaderView.swift; sourceTree = "<group>"; };
		6D7000EF293F51F8003DFBBF /* Post.swift */ = {isa = PBXFileReference; lastKnownFileType = sourcecode.swift; path = Post.swift; sourceTree = "<group>"; };
		6D7000F1293F5207003DFBBF /* Photos.swift */ = {isa = PBXFileReference; lastKnownFileType = sourcecode.swift; path = Photos.swift; sourceTree = "<group>"; };
		6D7000F3293F521F003DFBBF /* PhotosCollectionViewCell.swift */ = {isa = PBXFileReference; lastKnownFileType = sourcecode.swift; path = PhotosCollectionViewCell.swift; sourceTree = "<group>"; };
		6D7000F5293F5235003DFBBF /* PhotosTableViewCell.swift */ = {isa = PBXFileReference; lastKnownFileType = sourcecode.swift; path = PhotosTableViewCell.swift; sourceTree = "<group>"; };
		6D7000F7293F524C003DFBBF /* PostTableViewCell.swift */ = {isa = PBXFileReference; lastKnownFileType = sourcecode.swift; path = PostTableViewCell.swift; sourceTree = "<group>"; };
		6D7000F9293F5262003DFBBF /* PhotosViewController.swift */ = {isa = PBXFileReference; lastKnownFileType = sourcecode.swift; path = PhotosViewController.swift; sourceTree = "<group>"; };
		6D7000FB293F5275003DFBBF /* ProfileViewController.swift */ = {isa = PBXFileReference; lastKnownFileType = sourcecode.swift; path = ProfileViewController.swift; sourceTree = "<group>"; };
		6D7000FD293F5287003DFBBF /* FeedViewController.swift */ = {isa = PBXFileReference; lastKnownFileType = sourcecode.swift; path = FeedViewController.swift; sourceTree = "<group>"; };
		6D7000FF293F529B003DFBBF /* LogInViewController.swift */ = {isa = PBXFileReference; lastKnownFileType = sourcecode.swift; path = LogInViewController.swift; sourceTree = "<group>"; };
		6D700106293FB768003DFBBF /* StorageService.framework */ = {isa = PBXFileReference; explicitFileType = wrapper.framework; includeInIndex = 0; path = StorageService.framework; sourceTree = BUILT_PRODUCTS_DIR; };
		6D700108293FB768003DFBBF /* StorageService.h */ = {isa = PBXFileReference; lastKnownFileType = sourcecode.c.h; path = StorageService.h; sourceTree = "<group>"; };
		6D700109293FB768003DFBBF /* StorageService.docc */ = {isa = PBXFileReference; lastKnownFileType = folder.documentationcatalog; path = StorageService.docc; sourceTree = "<group>"; };
		6D70010F293FB768003DFBBF /* StorageServiceTests.xctest */ = {isa = PBXFileReference; explicitFileType = wrapper.cfbundle; includeInIndex = 0; path = StorageServiceTests.xctest; sourceTree = BUILT_PRODUCTS_DIR; };
		6D700116293FB768003DFBBF /* StorageServiceTests.swift */ = {isa = PBXFileReference; lastKnownFileType = sourcecode.swift; path = StorageServiceTests.swift; sourceTree = "<group>"; };
		6D7E50592974462C0007CF3D /* Checker.swift */ = {isa = PBXFileReference; lastKnownFileType = sourcecode.swift; path = Checker.swift; sourceTree = "<group>"; };
		6D7E505B2975AC940007CF3D /* LogInInspector.swift */ = {isa = PBXFileReference; lastKnownFileType = sourcecode.swift; path = LogInInspector.swift; sourceTree = "<group>"; };
		6D7E505D297728320007CF3D /* LogInViewControllerDelegate.swift */ = {isa = PBXFileReference; lastKnownFileType = sourcecode.swift; path = LogInViewControllerDelegate.swift; sourceTree = "<group>"; };
		6D7E505F297729A00007CF3D /* LogInFactory.swift */ = {isa = PBXFileReference; lastKnownFileType = sourcecode.swift; path = LogInFactory.swift; sourceTree = "<group>"; };
		6D82592729938E89006C0202 /* BruteForce.swift */ = {isa = PBXFileReference; lastKnownFileType = sourcecode.swift; path = BruteForce.swift; sourceTree = "<group>"; };
		6D8259292993A25A006C0202 /* BruteForceViewModel.swift */ = {isa = PBXFileReference; lastKnownFileType = sourcecode.swift; path = BruteForceViewModel.swift; sourceTree = "<group>"; };
		6DBA90892951552D00455F10 /* User.swift */ = {isa = PBXFileReference; lastKnownFileType = sourcecode.swift; path = User.swift; sourceTree = "<group>"; };
		6DC169A52988D564005B56C2 /* Coordinator.swift */ = {isa = PBXFileReference; lastKnownFileType = sourcecode.swift; path = Coordinator.swift; sourceTree = "<group>"; };
		6DC169A82988D5D3005B56C2 /* FeedCoordinator.swift */ = {isa = PBXFileReference; lastKnownFileType = sourcecode.swift; path = FeedCoordinator.swift; sourceTree = "<group>"; };
		6DC169AA2988D624005B56C2 /* ProfileCoordinator.swift */ = {isa = PBXFileReference; lastKnownFileType = sourcecode.swift; path = ProfileCoordinator.swift; sourceTree = "<group>"; };
		6DC169AC2988D6AA005B56C2 /* TabBarCoordinator.swift */ = {isa = PBXFileReference; lastKnownFileType = sourcecode.swift; path = TabBarCoordinator.swift; sourceTree = "<group>"; };
		6DC169AE298A8DE2005B56C2 /* ScreenCreate.swift */ = {isa = PBXFileReference; lastKnownFileType = sourcecode.swift; path = ScreenCreate.swift; sourceTree = "<group>"; };
		6DC169B1298A9C4B005B56C2 /* LogInViewModel.swift */ = {isa = PBXFileReference; lastKnownFileType = sourcecode.swift; path = LogInViewModel.swift; sourceTree = "<group>"; };
		6DC169B3298A9CC8005B56C2 /* PhotoViewModel.swift */ = {isa = PBXFileReference; lastKnownFileType = sourcecode.swift; path = PhotoViewModel.swift; sourceTree = "<group>"; };
		6DC169B5298B6742005B56C2 /* ProfileViewModel.swift */ = {isa = PBXFileReference; lastKnownFileType = sourcecode.swift; path = ProfileViewModel.swift; sourceTree = "<group>"; };
		6DFB427D297E754C00CFCA1B /* CustomButton.swift */ = {isa = PBXFileReference; lastKnownFileType = sourcecode.swift; path = CustomButton.swift; sourceTree = "<group>"; };
		6DFB427F297E783C00CFCA1B /* PostViewController.swift */ = {isa = PBXFileReference; lastKnownFileType = sourcecode.swift; path = PostViewController.swift; sourceTree = "<group>"; };
		6DFB4281297E9A4200CFCA1B /* FeedModel.swift */ = {isa = PBXFileReference; lastKnownFileType = sourcecode.swift; path = FeedModel.swift; sourceTree = "<group>"; };
/* End PBXFileReference section */

/* Begin PBXFrameworksBuildPhase section */
		6D7000CE293F50EB003DFBBF /* Frameworks */ = {
			isa = PBXFrameworksBuildPhase;
			buildActionMask = 2147483647;
			files = (
				6D70011B293FB768003DFBBF /* StorageService.framework in Frameworks */,
				6DFB427B297E4A5700CFCA1B /* iOSIntPackage in Frameworks */,
			);
			runOnlyForDeploymentPostprocessing = 0;
		};
		6D700103293FB768003DFBBF /* Frameworks */ = {
			isa = PBXFrameworksBuildPhase;
			buildActionMask = 2147483647;
			files = (
			);
			runOnlyForDeploymentPostprocessing = 0;
		};
		6D70010C293FB768003DFBBF /* Frameworks */ = {
			isa = PBXFrameworksBuildPhase;
			buildActionMask = 2147483647;
			files = (
				6D700110293FB768003DFBBF /* StorageService.framework in Frameworks */,
			);
			runOnlyForDeploymentPostprocessing = 0;
		};
/* End PBXFrameworksBuildPhase section */

/* Begin PBXGroup section */
		6D7000C8293F50EB003DFBBF = {
			isa = PBXGroup;
			children = (
				6DC169B0298A9C2B005B56C2 /* ViewModel */,
				6DC169A72988D5B7005B56C2 /* Coordinator */,
				6DFB427C297E753300CFCA1B /* Button */,
				6DBA90882951550A00455F10 /* Model User */,
				6D7000EC293F519E003DFBBF /* View */,
				6D7000D3293F50EB003DFBBF /* IOSINT */,
				6D700107293FB768003DFBBF /* StorageService */,
				6D700115293FB768003DFBBF /* StorageServiceTests */,
				6D7000D2293F50EB003DFBBF /* Products */,
			);
			sourceTree = "<group>";
		};
		6D7000D2293F50EB003DFBBF /* Products */ = {
			isa = PBXGroup;
			children = (
				6D7000D1293F50EB003DFBBF /* IOSINT.app */,
				6D700106293FB768003DFBBF /* StorageService.framework */,
				6D70010F293FB768003DFBBF /* StorageServiceTests.xctest */,
			);
			name = Products;
			sourceTree = "<group>";
		};
		6D7000D3293F50EB003DFBBF /* IOSINT */ = {
			isa = PBXGroup;
			children = (
				6D7000D4293F50EB003DFBBF /* AppDelegate.swift */,
				6D7000D6293F50EB003DFBBF /* SceneDelegate.swift */,
				6D7000DD293F50EC003DFBBF /* Assets.xcassets */,
				6D7000E2293F50EC003DFBBF /* Info.plist */,
				6DC169AE298A8DE2005B56C2 /* ScreenCreate.swift */,
			);
			path = IOSINT;
			sourceTree = "<group>";
		};
		6D7000EC293F519E003DFBBF /* View */ = {
			isa = PBXGroup;
			children = (
				6DC169BB298B9199005B56C2 /* Feed */,
				6DC169BA298B918C005B56C2 /* Post */,
				6DC169B9298B917B005B56C2 /* Photo */,
				6DC169B8298B915F005B56C2 /* Profile */,
				6DC169B7298B914F005B56C2 /* LogIn */,
			);
			path = View;
			sourceTree = "<group>";
		};
		6D700107293FB768003DFBBF /* StorageService */ = {
			isa = PBXGroup;
			children = (
				6D7000EF293F51F8003DFBBF /* Post.swift */,
				6D700108293FB768003DFBBF /* StorageService.h */,
				6D700109293FB768003DFBBF /* StorageService.docc */,
			);
			path = StorageService;
			sourceTree = "<group>";
		};
		6D700115293FB768003DFBBF /* StorageServiceTests */ = {
			isa = PBXGroup;
			children = (
				6D700116293FB768003DFBBF /* StorageServiceTests.swift */,
			);
			path = StorageServiceTests;
			sourceTree = "<group>";
		};
		6DBA90882951550A00455F10 /* Model User */ = {
			isa = PBXGroup;
			children = (
				6DBA90892951552D00455F10 /* User.swift */,
				6D7E50592974462C0007CF3D /* Checker.swift */,
				6D7E505B2975AC940007CF3D /* LogInInspector.swift */,
				6D7E505D297728320007CF3D /* LogInViewControllerDelegate.swift */,
				6D7E505F297729A00007CF3D /* LogInFactory.swift */,
				6D7000F1293F5207003DFBBF /* Photos.swift */,
				6D82592729938E89006C0202 /* BruteForce.swift */,
			);
			path = "Model User";
			sourceTree = "<group>";
		};
		6DC169A72988D5B7005B56C2 /* Coordinator */ = {
			isa = PBXGroup;
			children = (
				6DC169A52988D564005B56C2 /* Coordinator.swift */,
				6DC169A82988D5D3005B56C2 /* FeedCoordinator.swift */,
				6DC169AA2988D624005B56C2 /* ProfileCoordinator.swift */,
				6DC169AC2988D6AA005B56C2 /* TabBarCoordinator.swift */,
			);
			path = Coordinator;
			sourceTree = "<group>";
		};
		6DC169B0298A9C2B005B56C2 /* ViewModel */ = {
			isa = PBXGroup;
			children = (
				6DC169B1298A9C4B005B56C2 /* LogInViewModel.swift */,
				6DC169B3298A9CC8005B56C2 /* PhotoViewModel.swift */,
				6DC169B5298B6742005B56C2 /* ProfileViewModel.swift */,
				6DFB4281297E9A4200CFCA1B /* FeedModel.swift */,
				6D8259292993A25A006C0202 /* BruteForceViewModel.swift */,
			);
			path = ViewModel;
			sourceTree = "<group>";
		};
		6DC169B7298B914F005B56C2 /* LogIn */ = {
			isa = PBXGroup;
			children = (
				6D7000FF293F529B003DFBBF /* LogInViewController.swift */,
			);
			path = LogIn;
			sourceTree = "<group>";
		};
		6DC169B8298B915F005B56C2 /* Profile */ = {
			isa = PBXGroup;
			children = (
				6D7000FB293F5275003DFBBF /* ProfileViewController.swift */,
				6D7000ED293F51EA003DFBBF /* ProfileTableHeaderView.swift */,
			);
			path = Profile;
			sourceTree = "<group>";
		};
		6DC169B9298B917B005B56C2 /* Photo */ = {
			isa = PBXGroup;
			children = (
				6D7000F5293F5235003DFBBF /* PhotosTableViewCell.swift */,
				6D7000F3293F521F003DFBBF /* PhotosCollectionViewCell.swift */,
				6D7000F9293F5262003DFBBF /* PhotosViewController.swift */,
			);
			path = Photo;
			sourceTree = "<group>";
		};
		6DC169BA298B918C005B56C2 /* Post */ = {
			isa = PBXGroup;
			children = (
				6DFB427F297E783C00CFCA1B /* PostViewController.swift */,
				6D7000F7293F524C003DFBBF /* PostTableViewCell.swift */,
			);
			path = Post;
			sourceTree = "<group>";
		};
		6DC169BB298B9199005B56C2 /* Feed */ = {
			isa = PBXGroup;
			children = (
				6D7000FD293F5287003DFBBF /* FeedViewController.swift */,
			);
			path = Feed;
			sourceTree = "<group>";
		};
		6DFB427C297E753300CFCA1B /* Button */ = {
			isa = PBXGroup;
			children = (
				6DFB427D297E754C00CFCA1B /* CustomButton.swift */,
			);
			path = Button;
			sourceTree = "<group>";
		};
/* End PBXGroup section */

/* Begin PBXHeadersBuildPhase section */
		6D700101293FB768003DFBBF /* Headers */ = {
			isa = PBXHeadersBuildPhase;
			buildActionMask = 2147483647;
			files = (
				6D700118293FB768003DFBBF /* StorageService.h in Headers */,
			);
			runOnlyForDeploymentPostprocessing = 0;
		};
/* End PBXHeadersBuildPhase section */

/* Begin PBXNativeTarget section */
		6D7000D0293F50EB003DFBBF /* IOSINT */ = {
			isa = PBXNativeTarget;
			buildConfigurationList = 6D7000E5293F50EC003DFBBF /* Build configuration list for PBXNativeTarget "IOSINT" */;
			buildPhases = (
				6D7000CD293F50EB003DFBBF /* Sources */,
				6D7000CE293F50EB003DFBBF /* Frameworks */,
				6D7000CF293F50EB003DFBBF /* Resources */,
				6D70011D293FB768003DFBBF /* Embed Frameworks */,
			);
			buildRules = (
			);
			dependencies = (
				6D70011A293FB768003DFBBF /* PBXTargetDependency */,
			);
			name = IOSINT;
			packageProductDependencies = (
				6DFB427A297E4A5700CFCA1B /* iOSIntPackage */,
			);
			productName = IOSINT;
			productReference = 6D7000D1293F50EB003DFBBF /* IOSINT.app */;
			productType = "com.apple.product-type.application";
		};
		6D700105293FB768003DFBBF /* StorageService */ = {
			isa = PBXNativeTarget;
			buildConfigurationList = 6D700122293FB768003DFBBF /* Build configuration list for PBXNativeTarget "StorageService" */;
			buildPhases = (
				6D700101293FB768003DFBBF /* Headers */,
				6D700102293FB768003DFBBF /* Sources */,
				6D700103293FB768003DFBBF /* Frameworks */,
				6D700104293FB768003DFBBF /* Resources */,
			);
			buildRules = (
			);
			dependencies = (
			);
			name = StorageService;
			productName = StorageService;
			productReference = 6D700106293FB768003DFBBF /* StorageService.framework */;
			productType = "com.apple.product-type.framework";
		};
		6D70010E293FB768003DFBBF /* StorageServiceTests */ = {
			isa = PBXNativeTarget;
			buildConfigurationList = 6D700123293FB768003DFBBF /* Build configuration list for PBXNativeTarget "StorageServiceTests" */;
			buildPhases = (
				6D70010B293FB768003DFBBF /* Sources */,
				6D70010C293FB768003DFBBF /* Frameworks */,
				6D70010D293FB768003DFBBF /* Resources */,
			);
			buildRules = (
			);
			dependencies = (
				6D700112293FB768003DFBBF /* PBXTargetDependency */,
				6D700114293FB768003DFBBF /* PBXTargetDependency */,
			);
			name = StorageServiceTests;
			productName = StorageServiceTests;
			productReference = 6D70010F293FB768003DFBBF /* StorageServiceTests.xctest */;
			productType = "com.apple.product-type.bundle.unit-test";
		};
/* End PBXNativeTarget section */

/* Begin PBXProject section */
		6D7000C9293F50EB003DFBBF /* Project object */ = {
			isa = PBXProject;
			attributes = {
				BuildIndependentTargetsInParallel = 1;
				LastSwiftUpdateCheck = 1410;
				LastUpgradeCheck = 1420;
				TargetAttributes = {
					6D7000D0293F50EB003DFBBF = {
						CreatedOnToolsVersion = 14.1;
					};
					6D700105293FB768003DFBBF = {
						CreatedOnToolsVersion = 14.1;
					};
					6D70010E293FB768003DFBBF = {
						CreatedOnToolsVersion = 14.1;
						TestTargetID = 6D7000D0293F50EB003DFBBF;
					};
				};
			};
			buildConfigurationList = 6D7000CC293F50EB003DFBBF /* Build configuration list for PBXProject "IOSINT" */;
			compatibilityVersion = "Xcode 14.0";
			developmentRegion = en;
			hasScannedForEncodings = 0;
			knownRegions = (
				en,
				Base,
			);
			mainGroup = 6D7000C8293F50EB003DFBBF;
			packageReferences = (
				6DFB4279297E4A5700CFCA1B /* XCRemoteSwiftPackageReference "iOSIntPackage" */,
			);
			productRefGroup = 6D7000D2293F50EB003DFBBF /* Products */;
			projectDirPath = "";
			projectRoot = "";
			targets = (
				6D7000D0293F50EB003DFBBF /* IOSINT */,
				6D700105293FB768003DFBBF /* StorageService */,
				6D70010E293FB768003DFBBF /* StorageServiceTests */,
			);
		};
/* End PBXProject section */

/* Begin PBXResourcesBuildPhase section */
		6D7000CF293F50EB003DFBBF /* Resources */ = {
			isa = PBXResourcesBuildPhase;
			buildActionMask = 2147483647;
			files = (
				6D7000DE293F50EC003DFBBF /* Assets.xcassets in Resources */,
			);
			runOnlyForDeploymentPostprocessing = 0;
		};
		6D700104293FB768003DFBBF /* Resources */ = {
			isa = PBXResourcesBuildPhase;
			buildActionMask = 2147483647;
			files = (
			);
			runOnlyForDeploymentPostprocessing = 0;
		};
		6D70010D293FB768003DFBBF /* Resources */ = {
			isa = PBXResourcesBuildPhase;
			buildActionMask = 2147483647;
			files = (
			);
			runOnlyForDeploymentPostprocessing = 0;
		};
/* End PBXResourcesBuildPhase section */

/* Begin PBXSourcesBuildPhase section */
		6D7000CD293F50EB003DFBBF /* Sources */ = {
			isa = PBXSourcesBuildPhase;
			buildActionMask = 2147483647;
			files = (
				6DC169AB2988D624005B56C2 /* ProfileCoordinator.swift in Sources */,
				6DC169AF298A8DE2005B56C2 /* ScreenCreate.swift in Sources */,
				6DFB4280297E783C00CFCA1B /* PostViewController.swift in Sources */,
				6DC169B6298B6742005B56C2 /* ProfileViewModel.swift in Sources */,
				6D7E505E297728320007CF3D /* LogInViewControllerDelegate.swift in Sources */,
				6D7000FA293F5262003DFBBF /* PhotosViewController.swift in Sources */,
				6DC169AD2988D6AA005B56C2 /* TabBarCoordinator.swift in Sources */,
				6DC169B2298A9C4B005B56C2 /* LogInViewModel.swift in Sources */,
				6D82592829938E89006C0202 /* BruteForce.swift in Sources */,
				6D7000D5293F50EB003DFBBF /* AppDelegate.swift in Sources */,
				6D82592A2993A25A006C0202 /* BruteForceViewModel.swift in Sources */,
				6D7000FC293F5275003DFBBF /* ProfileViewController.swift in Sources */,
				6D7000F6293F5235003DFBBF /* PhotosTableViewCell.swift in Sources */,
				6D7000D7293F50EB003DFBBF /* SceneDelegate.swift in Sources */,
				6D7000F8293F524C003DFBBF /* PostTableViewCell.swift in Sources */,
				6D7E505A2974462C0007CF3D /* Checker.swift in Sources */,
				6DFB4282297E9A4200CFCA1B /* FeedModel.swift in Sources */,
				6DC169A92988D5D3005B56C2 /* FeedCoordinator.swift in Sources */,
				6D7E505C2975AC940007CF3D /* LogInInspector.swift in Sources */,
				6D7000EE293F51EA003DFBBF /* ProfileTableHeaderView.swift in Sources */,
				6DC169A62988D564005B56C2 /* Coordinator.swift in Sources */,
				6D7000FE293F5287003DFBBF /* FeedViewController.swift in Sources */,
				6DBA908A2951552D00455F10 /* User.swift in Sources */,
				6D700100293F529B003DFBBF /* LogInViewController.swift in Sources */,
				6DFB427E297E754C00CFCA1B /* CustomButton.swift in Sources */,
				6D7000F2293F5207003DFBBF /* Photos.swift in Sources */,
				6DC169B4298A9CC8005B56C2 /* PhotoViewModel.swift in Sources */,
				6D7E5060297729A00007CF3D /* LogInFactory.swift in Sources */,
				6D7000F4293F521F003DFBBF /* PhotosCollectionViewCell.swift in Sources */,
			);
			runOnlyForDeploymentPostprocessing = 0;
		};
		6D700102293FB768003DFBBF /* Sources */ = {
			isa = PBXSourcesBuildPhase;
			buildActionMask = 2147483647;
			files = (
				6D70010A293FB768003DFBBF /* StorageService.docc in Sources */,
				6D700124293FB7A2003DFBBF /* Post.swift in Sources */,
			);
			runOnlyForDeploymentPostprocessing = 0;
		};
		6D70010B293FB768003DFBBF /* Sources */ = {
			isa = PBXSourcesBuildPhase;
			buildActionMask = 2147483647;
			files = (
				6D700117293FB768003DFBBF /* StorageServiceTests.swift in Sources */,
			);
			runOnlyForDeploymentPostprocessing = 0;
		};
/* End PBXSourcesBuildPhase section */

/* Begin PBXTargetDependency section */
		6D700112293FB768003DFBBF /* PBXTargetDependency */ = {
			isa = PBXTargetDependency;
			target = 6D700105293FB768003DFBBF /* StorageService */;
			targetProxy = 6D700111293FB768003DFBBF /* PBXContainerItemProxy */;
		};
		6D700114293FB768003DFBBF /* PBXTargetDependency */ = {
			isa = PBXTargetDependency;
			target = 6D7000D0293F50EB003DFBBF /* IOSINT */;
			targetProxy = 6D700113293FB768003DFBBF /* PBXContainerItemProxy */;
		};
		6D70011A293FB768003DFBBF /* PBXTargetDependency */ = {
			isa = PBXTargetDependency;
			target = 6D700105293FB768003DFBBF /* StorageService */;
			targetProxy = 6D700119293FB768003DFBBF /* PBXContainerItemProxy */;
		};
/* End PBXTargetDependency section */

/* Begin XCBuildConfiguration section */
		6D7000E3293F50EC003DFBBF /* Debug */ = {
			isa = XCBuildConfiguration;
			buildSettings = {
				ALWAYS_SEARCH_USER_PATHS = NO;
				CLANG_ANALYZER_NONNULL = YES;
				CLANG_ANALYZER_NUMBER_OBJECT_CONVERSION = YES_AGGRESSIVE;
				CLANG_CXX_LANGUAGE_STANDARD = "gnu++20";
				CLANG_ENABLE_MODULES = YES;
				CLANG_ENABLE_OBJC_ARC = YES;
				CLANG_ENABLE_OBJC_WEAK = YES;
				CLANG_WARN_BLOCK_CAPTURE_AUTORELEASING = YES;
				CLANG_WARN_BOOL_CONVERSION = YES;
				CLANG_WARN_COMMA = YES;
				CLANG_WARN_CONSTANT_CONVERSION = YES;
				CLANG_WARN_DEPRECATED_OBJC_IMPLEMENTATIONS = YES;
				CLANG_WARN_DIRECT_OBJC_ISA_USAGE = YES_ERROR;
				CLANG_WARN_DOCUMENTATION_COMMENTS = YES;
				CLANG_WARN_EMPTY_BODY = YES;
				CLANG_WARN_ENUM_CONVERSION = YES;
				CLANG_WARN_INFINITE_RECURSION = YES;
				CLANG_WARN_INT_CONVERSION = YES;
				CLANG_WARN_NON_LITERAL_NULL_CONVERSION = YES;
				CLANG_WARN_OBJC_IMPLICIT_RETAIN_SELF = YES;
				CLANG_WARN_OBJC_LITERAL_CONVERSION = YES;
				CLANG_WARN_OBJC_ROOT_CLASS = YES_ERROR;
				CLANG_WARN_QUOTED_INCLUDE_IN_FRAMEWORK_HEADER = YES;
				CLANG_WARN_RANGE_LOOP_ANALYSIS = YES;
				CLANG_WARN_STRICT_PROTOTYPES = YES;
				CLANG_WARN_SUSPICIOUS_MOVE = YES;
				CLANG_WARN_UNGUARDED_AVAILABILITY = YES_AGGRESSIVE;
				CLANG_WARN_UNREACHABLE_CODE = YES;
				CLANG_WARN__DUPLICATE_METHOD_MATCH = YES;
				COPY_PHASE_STRIP = NO;
				DEBUG_INFORMATION_FORMAT = dwarf;
				ENABLE_STRICT_OBJC_MSGSEND = YES;
				ENABLE_TESTABILITY = YES;
				GCC_C_LANGUAGE_STANDARD = gnu11;
				GCC_DYNAMIC_NO_PIC = NO;
				GCC_NO_COMMON_BLOCKS = YES;
				GCC_OPTIMIZATION_LEVEL = 0;
				GCC_PREPROCESSOR_DEFINITIONS = (
					"DEBUG=1",
					"$(inherited)",
				);
				GCC_WARN_64_TO_32_BIT_CONVERSION = YES;
				GCC_WARN_ABOUT_RETURN_TYPE = YES_ERROR;
				GCC_WARN_UNDECLARED_SELECTOR = YES;
				GCC_WARN_UNINITIALIZED_AUTOS = YES_AGGRESSIVE;
				GCC_WARN_UNUSED_FUNCTION = YES;
				GCC_WARN_UNUSED_VARIABLE = YES;
				IPHONEOS_DEPLOYMENT_TARGET = 16.1;
				MTL_ENABLE_DEBUG_INFO = INCLUDE_SOURCE;
				MTL_FAST_MATH = YES;
				ONLY_ACTIVE_ARCH = YES;
				SDKROOT = iphoneos;
				SWIFT_ACTIVE_COMPILATION_CONDITIONS = DEBUG;
				SWIFT_OPTIMIZATION_LEVEL = "-Onone";
			};
			name = Debug;
		};
		6D7000E4293F50EC003DFBBF /* Release */ = {
			isa = XCBuildConfiguration;
			buildSettings = {
				ALWAYS_SEARCH_USER_PATHS = NO;
				CLANG_ANALYZER_NONNULL = YES;
				CLANG_ANALYZER_NUMBER_OBJECT_CONVERSION = YES_AGGRESSIVE;
				CLANG_CXX_LANGUAGE_STANDARD = "gnu++20";
				CLANG_ENABLE_MODULES = YES;
				CLANG_ENABLE_OBJC_ARC = YES;
				CLANG_ENABLE_OBJC_WEAK = YES;
				CLANG_WARN_BLOCK_CAPTURE_AUTORELEASING = YES;
				CLANG_WARN_BOOL_CONVERSION = YES;
				CLANG_WARN_COMMA = YES;
				CLANG_WARN_CONSTANT_CONVERSION = YES;
				CLANG_WARN_DEPRECATED_OBJC_IMPLEMENTATIONS = YES;
				CLANG_WARN_DIRECT_OBJC_ISA_USAGE = YES_ERROR;
				CLANG_WARN_DOCUMENTATION_COMMENTS = YES;
				CLANG_WARN_EMPTY_BODY = YES;
				CLANG_WARN_ENUM_CONVERSION = YES;
				CLANG_WARN_INFINITE_RECURSION = YES;
				CLANG_WARN_INT_CONVERSION = YES;
				CLANG_WARN_NON_LITERAL_NULL_CONVERSION = YES;
				CLANG_WARN_OBJC_IMPLICIT_RETAIN_SELF = YES;
				CLANG_WARN_OBJC_LITERAL_CONVERSION = YES;
				CLANG_WARN_OBJC_ROOT_CLASS = YES_ERROR;
				CLANG_WARN_QUOTED_INCLUDE_IN_FRAMEWORK_HEADER = YES;
				CLANG_WARN_RANGE_LOOP_ANALYSIS = YES;
				CLANG_WARN_STRICT_PROTOTYPES = YES;
				CLANG_WARN_SUSPICIOUS_MOVE = YES;
				CLANG_WARN_UNGUARDED_AVAILABILITY = YES_AGGRESSIVE;
				CLANG_WARN_UNREACHABLE_CODE = YES;
				CLANG_WARN__DUPLICATE_METHOD_MATCH = YES;
				COPY_PHASE_STRIP = NO;
				DEBUG_INFORMATION_FORMAT = "dwarf-with-dsym";
				ENABLE_NS_ASSERTIONS = NO;
				ENABLE_STRICT_OBJC_MSGSEND = YES;
				GCC_C_LANGUAGE_STANDARD = gnu11;
				GCC_NO_COMMON_BLOCKS = YES;
				GCC_WARN_64_TO_32_BIT_CONVERSION = YES;
				GCC_WARN_ABOUT_RETURN_TYPE = YES_ERROR;
				GCC_WARN_UNDECLARED_SELECTOR = YES;
				GCC_WARN_UNINITIALIZED_AUTOS = YES_AGGRESSIVE;
				GCC_WARN_UNUSED_FUNCTION = YES;
				GCC_WARN_UNUSED_VARIABLE = YES;
				IPHONEOS_DEPLOYMENT_TARGET = 16.1;
				MTL_ENABLE_DEBUG_INFO = NO;
				MTL_FAST_MATH = YES;
				SDKROOT = iphoneos;
				SWIFT_COMPILATION_MODE = wholemodule;
				SWIFT_OPTIMIZATION_LEVEL = "-O";
				VALIDATE_PRODUCT = YES;
			};
			name = Release;
		};
		6D7000E6293F50EC003DFBBF /* Debug */ = {
			isa = XCBuildConfiguration;
			buildSettings = {
				ALWAYS_EMBED_SWIFT_STANDARD_LIBRARIES = YES;
				ASSETCATALOG_COMPILER_APPICON_NAME = AppIcon;
				ASSETCATALOG_COMPILER_GLOBAL_ACCENT_COLOR_NAME = AccentColor;
				CODE_SIGN_STYLE = Automatic;
				CURRENT_PROJECT_VERSION = 1;
				DEVELOPMENT_TEAM = 92RNZ7CX2N;
				GENERATE_INFOPLIST_FILE = YES;
				INFOPLIST_FILE = IOSINT/Info.plist;
				INFOPLIST_KEY_UIApplicationSupportsIndirectInputEvents = YES;
				INFOPLIST_KEY_UILaunchStoryboardName = LaunchScreen;
				INFOPLIST_KEY_UISupportedInterfaceOrientations_iPad = "UIInterfaceOrientationPortrait UIInterfaceOrientationPortraitUpsideDown UIInterfaceOrientationLandscapeLeft UIInterfaceOrientationLandscapeRight";
				INFOPLIST_KEY_UISupportedInterfaceOrientations_iPhone = "UIInterfaceOrientationPortrait UIInterfaceOrientationLandscapeLeft UIInterfaceOrientationLandscapeRight";
				LD_RUNPATH_SEARCH_PATHS = (
					"$(inherited)",
					"@executable_path/Frameworks",
				);
				MARKETING_VERSION = 1.0;
				PRODUCT_BUNDLE_IDENTIFIER = Elya.IOSINT;
				PRODUCT_NAME = "$(TARGET_NAME)";
				SWIFT_EMIT_LOC_STRINGS = YES;
				SWIFT_VERSION = 5.0;
				TARGETED_DEVICE_FAMILY = "1,2";
			};
			name = Debug;
		};
		6D7000E7293F50EC003DFBBF /* Release */ = {
			isa = XCBuildConfiguration;
			buildSettings = {
				ALWAYS_EMBED_SWIFT_STANDARD_LIBRARIES = YES;
				ASSETCATALOG_COMPILER_APPICON_NAME = AppIcon;
				ASSETCATALOG_COMPILER_GLOBAL_ACCENT_COLOR_NAME = AccentColor;
				CODE_SIGN_STYLE = Automatic;
				CURRENT_PROJECT_VERSION = 1;
				DEVELOPMENT_TEAM = 92RNZ7CX2N;
				GENERATE_INFOPLIST_FILE = YES;
				INFOPLIST_FILE = IOSINT/Info.plist;
				INFOPLIST_KEY_UIApplicationSupportsIndirectInputEvents = YES;
				INFOPLIST_KEY_UILaunchStoryboardName = LaunchScreen;
				INFOPLIST_KEY_UISupportedInterfaceOrientations_iPad = "UIInterfaceOrientationPortrait UIInterfaceOrientationPortraitUpsideDown UIInterfaceOrientationLandscapeLeft UIInterfaceOrientationLandscapeRight";
				INFOPLIST_KEY_UISupportedInterfaceOrientations_iPhone = "UIInterfaceOrientationPortrait UIInterfaceOrientationLandscapeLeft UIInterfaceOrientationLandscapeRight";
				LD_RUNPATH_SEARCH_PATHS = (
					"$(inherited)",
					"@executable_path/Frameworks",
				);
				MARKETING_VERSION = 1.0;
				PRODUCT_BUNDLE_IDENTIFIER = Elya.IOSINT;
				PRODUCT_NAME = "$(TARGET_NAME)";
				SWIFT_EMIT_LOC_STRINGS = YES;
				SWIFT_VERSION = 5.0;
				TARGETED_DEVICE_FAMILY = "1,2";
			};
			name = Release;
		};
		6D70011E293FB768003DFBBF /* Debug */ = {
			isa = XCBuildConfiguration;
			buildSettings = {
				CODE_SIGN_STYLE = Automatic;
				CURRENT_PROJECT_VERSION = 1;
				DEAD_CODE_STRIPPING = YES;
				DEFINES_MODULE = YES;
				DEVELOPMENT_TEAM = 92RNZ7CX2N;
				DYLIB_COMPATIBILITY_VERSION = 1;
				DYLIB_CURRENT_VERSION = 1;
				DYLIB_INSTALL_NAME_BASE = "@rpath";
				GENERATE_INFOPLIST_FILE = YES;
				INFOPLIST_KEY_NSHumanReadableCopyright = "";
				INSTALL_PATH = "$(LOCAL_LIBRARY_DIR)/Frameworks";
				IPHONEOS_DEPLOYMENT_TARGET = 16.1;
				LD_RUNPATH_SEARCH_PATHS = (
					"@executable_path/Frameworks",
					"@loader_path/Frameworks",
				);
				"LD_RUNPATH_SEARCH_PATHS[sdk=macosx*]" = (
					"@executable_path/../Frameworks",
					"@loader_path/Frameworks",
				);
				MACOSX_DEPLOYMENT_TARGET = 13.0;
				MARKETING_VERSION = 1.0;
				PRODUCT_BUNDLE_IDENTIFIER = Elya.StorageService;
				PRODUCT_NAME = "$(TARGET_NAME:c99extidentifier)";
				SDKROOT = auto;
				SKIP_INSTALL = YES;
				SUPPORTED_PLATFORMS = "iphoneos iphonesimulator macosx";
				SWIFT_EMIT_LOC_STRINGS = YES;
				SWIFT_VERSION = 5.0;
				TARGETED_DEVICE_FAMILY = "1,2";
				VERSIONING_SYSTEM = "apple-generic";
				VERSION_INFO_PREFIX = "";
			};
			name = Debug;
		};
		6D70011F293FB768003DFBBF /* Release */ = {
			isa = XCBuildConfiguration;
			buildSettings = {
				CODE_SIGN_STYLE = Automatic;
				CURRENT_PROJECT_VERSION = 1;
				DEAD_CODE_STRIPPING = YES;
				DEFINES_MODULE = YES;
				DEVELOPMENT_TEAM = 92RNZ7CX2N;
				DYLIB_COMPATIBILITY_VERSION = 1;
				DYLIB_CURRENT_VERSION = 1;
				DYLIB_INSTALL_NAME_BASE = "@rpath";
				GENERATE_INFOPLIST_FILE = YES;
				INFOPLIST_KEY_NSHumanReadableCopyright = "";
				INSTALL_PATH = "$(LOCAL_LIBRARY_DIR)/Frameworks";
				IPHONEOS_DEPLOYMENT_TARGET = 16.1;
				LD_RUNPATH_SEARCH_PATHS = (
					"@executable_path/Frameworks",
					"@loader_path/Frameworks",
				);
				"LD_RUNPATH_SEARCH_PATHS[sdk=macosx*]" = (
					"@executable_path/../Frameworks",
					"@loader_path/Frameworks",
				);
				MACOSX_DEPLOYMENT_TARGET = 13.0;
				MARKETING_VERSION = 1.0;
				PRODUCT_BUNDLE_IDENTIFIER = Elya.StorageService;
				PRODUCT_NAME = "$(TARGET_NAME:c99extidentifier)";
				SDKROOT = auto;
				SKIP_INSTALL = YES;
				SUPPORTED_PLATFORMS = "iphoneos iphonesimulator macosx";
				SWIFT_EMIT_LOC_STRINGS = YES;
				SWIFT_VERSION = 5.0;
				TARGETED_DEVICE_FAMILY = "1,2";
				VERSIONING_SYSTEM = "apple-generic";
				VERSION_INFO_PREFIX = "";
			};
			name = Release;
		};
		6D700120293FB768003DFBBF /* Debug */ = {
			isa = XCBuildConfiguration;
			buildSettings = {
				ALWAYS_EMBED_SWIFT_STANDARD_LIBRARIES = YES;
				CODE_SIGN_STYLE = Automatic;
				CURRENT_PROJECT_VERSION = 1;
				DEAD_CODE_STRIPPING = YES;
				DEVELOPMENT_TEAM = 92RNZ7CX2N;
				GENERATE_INFOPLIST_FILE = YES;
				IPHONEOS_DEPLOYMENT_TARGET = 16.1;
				MACOSX_DEPLOYMENT_TARGET = 13.0;
				MARKETING_VERSION = 1.0;
				PRODUCT_BUNDLE_IDENTIFIER = Elya.StorageServiceTests;
				PRODUCT_NAME = "$(TARGET_NAME)";
				SDKROOT = auto;
				SUPPORTED_PLATFORMS = "iphoneos iphonesimulator macosx";
				SWIFT_EMIT_LOC_STRINGS = NO;
				SWIFT_VERSION = 5.0;
				TARGETED_DEVICE_FAMILY = "1,2";
				TEST_HOST = "$(BUILT_PRODUCTS_DIR)/IOSINT.app/$(BUNDLE_EXECUTABLE_FOLDER_PATH)/IOSINT";
			};
			name = Debug;
		};
		6D700121293FB768003DFBBF /* Release */ = {
			isa = XCBuildConfiguration;
			buildSettings = {
				ALWAYS_EMBED_SWIFT_STANDARD_LIBRARIES = YES;
				CODE_SIGN_STYLE = Automatic;
				CURRENT_PROJECT_VERSION = 1;
				DEAD_CODE_STRIPPING = YES;
				DEVELOPMENT_TEAM = 92RNZ7CX2N;
				GENERATE_INFOPLIST_FILE = YES;
				IPHONEOS_DEPLOYMENT_TARGET = 16.1;
				MACOSX_DEPLOYMENT_TARGET = 13.0;
				MARKETING_VERSION = 1.0;
				PRODUCT_BUNDLE_IDENTIFIER = Elya.StorageServiceTests;
				PRODUCT_NAME = "$(TARGET_NAME)";
				SDKROOT = auto;
				SUPPORTED_PLATFORMS = "iphoneos iphonesimulator macosx";
				SWIFT_EMIT_LOC_STRINGS = NO;
				SWIFT_VERSION = 5.0;
				TARGETED_DEVICE_FAMILY = "1,2";
				TEST_HOST = "$(BUILT_PRODUCTS_DIR)/IOSINT.app/$(BUNDLE_EXECUTABLE_FOLDER_PATH)/IOSINT";
			};
			name = Release;
		};
/* End XCBuildConfiguration section */

/* Begin XCConfigurationList section */
		6D7000CC293F50EB003DFBBF /* Build configuration list for PBXProject "IOSINT" */ = {
			isa = XCConfigurationList;
			buildConfigurations = (
				6D7000E3293F50EC003DFBBF /* Debug */,
				6D7000E4293F50EC003DFBBF /* Release */,
			);
			defaultConfigurationIsVisible = 0;
			defaultConfigurationName = Release;
		};
		6D7000E5293F50EC003DFBBF /* Build configuration list for PBXNativeTarget "IOSINT" */ = {
			isa = XCConfigurationList;
			buildConfigurations = (
				6D7000E6293F50EC003DFBBF /* Debug */,
				6D7000E7293F50EC003DFBBF /* Release */,
			);
			defaultConfigurationIsVisible = 0;
			defaultConfigurationName = Release;
		};
		6D700122293FB768003DFBBF /* Build configuration list for PBXNativeTarget "StorageService" */ = {
			isa = XCConfigurationList;
			buildConfigurations = (
				6D70011E293FB768003DFBBF /* Debug */,
				6D70011F293FB768003DFBBF /* Release */,
			);
			defaultConfigurationIsVisible = 0;
			defaultConfigurationName = Release;
		};
		6D700123293FB768003DFBBF /* Build configuration list for PBXNativeTarget "StorageServiceTests" */ = {
			isa = XCConfigurationList;
			buildConfigurations = (
				6D700120293FB768003DFBBF /* Debug */,
				6D700121293FB768003DFBBF /* Release */,
			);
			defaultConfigurationIsVisible = 0;
			defaultConfigurationName = Release;
		};
/* End XCConfigurationList section */

/* Begin XCRemoteSwiftPackageReference section */
		6DFB4279297E4A5700CFCA1B /* XCRemoteSwiftPackageReference "iOSIntPackage" */ = {
			isa = XCRemoteSwiftPackageReference;
			repositoryURL = "https://github.com/TrueMax/iOSIntPackage.git";
			requirement = {
				kind = upToNextMajorVersion;
				minimumVersion = 3.2.3;
			};
		};
/* End XCRemoteSwiftPackageReference section */

/* Begin XCSwiftPackageProductDependency section */
		6DFB427A297E4A5700CFCA1B /* iOSIntPackage */ = {
			isa = XCSwiftPackageProductDependency;
			package = 6DFB4279297E4A5700CFCA1B /* XCRemoteSwiftPackageReference "iOSIntPackage" */;
			productName = iOSIntPackage;
		};
/* End XCSwiftPackageProductDependency section */
	};
	rootObject = 6D7000C9293F50EB003DFBBF /* Project object */;
}
